
Microsoft Visual Studio Solution File, Format Version 12.00
# Visual Studio Version 17
VisualStudioVersion = 17.7.34302.85
MinimumVisualStudioVersion = 10.0.40219.1
Project("{FAE04EC0-301F-11D3-BF4B-00C04F79EFBC}") = "FTP_exampl_30-11-2023", "FTP_exampl_30-11-2023.csproj", "{3DDC26C3-84B1-4F23-BA5F-E2337B0D5B31}"
EndProject
Global
	GlobalSection(SolutionConfigurationPlatforms) = preSolution
		Debug|Any CPU = Debug|Any CPU
		Release|Any CPU = Release|Any CPU
	EndGlobalSection
	GlobalSection(ProjectConfigurationPlatforms) = postSolution
		{3DDC26C3-84B1-4F23-BA5F-E2337B0D5B31}.Debug|Any CPU.ActiveCfg = Debug|Any CPU
		{3DDC26C3-84B1-4F23-BA5F-E2337B0D5B31}.Debug|Any CPU.Build.0 = Debug|Any CPU
		{3DDC26C3-84B1-4F23-BA5F-E2337B0D5B31}.Release|Any CPU.ActiveCfg = Release|Any CPU
		{3DDC26C3-84B1-4F23-BA5F-E2337B0D5B31}.Release|Any CPU.Build.0 = Release|Any CPU
	EndGlobalSection
	GlobalSection(SolutionProperties) = preSolution
		HideSolutionNode = FALSE
	EndGlobalSection
	GlobalSection(ExtensibilityGlobals) = postSolution
		SolutionGuid = {741F20D4-EE0D-4C31-8DF0-5850E58E57D4}
	EndGlobalSection
EndGlobal
